Microsoft Visual Studio Solution File, Format Version 11.00
# Visual Studio 2008

Project("{500C1A18-AD25-6A56-6647-09C722079FF1}") = "fatbusters", "Assembly-CSharp.csproj", "{1FA7E6EA-AF41-6B34-92F0-CD2447852099}"
EndProject
Global
	GlobalSection(SolutionConfigurationPlatforms) = preSolution
		Debug|Any CPU = Debug|Any CPU
		Release|Any CPU = Release|Any CPU
	EndGlobalSection
	GlobalSection(ProjectConfigurationPlatforms) = postSolution
		{1FA7E6EA-AF41-6B34-92F0-CD2447852099}.Debug|Any CPU.ActiveCfg = Debug|Any CPU
		{1FA7E6EA-AF41-6B34-92F0-CD2447852099}.Debug|Any CPU.Build.0 = Debug|Any CPU
		{1FA7E6EA-AF41-6B34-92F0-CD2447852099}.Release|Any CPU.ActiveCfg = Release|Any CPU
		{1FA7E6EA-AF41-6B34-92F0-CD2447852099}.Release|Any CPU.Build.0 = Release|Any CPU
	EndGlobalSection
	GlobalSection(SolutionProperties) = preSolution
		HideSolutionNode = FALSE
	EndGlobalSection
	GlobalSection(MonoDevelopProperties) = preSolution
		StartupItem = Assembly-CSharp.csproj
	EndGlobalSection
EndGlobal
